
Microsoft Visual Studio Solution File, Format Version 12.00
# Visual Studio Version 17
VisualStudioVersion = 17.14.36623.8 d17.14
MinimumVisualStudioVersion = 10.0.40219.1
Project("{FAE04EC0-301F-11D3-BF4B-00C04F79EFBC}") = "Task1", "Task1\Task1.csproj", "{E0F02F92-F413-4F7E-9B8A-303D8E326B4B}"
EndProject
Project("{2150E333-8FDC-42A3-9474-1A3956D46DE8}") = "Solution Items", "Solution Items", "{8EC462FD-D22E-90A8-E5CE-7E832BA40C5D}"
	ProjectSection(SolutionItems) = preProject
		.gitignore = .gitignore
	EndProjectSection
EndProject
Project("{FAE04EC0-301F-11D3-BF4B-00C04F79EFBC}") = "Task2", "Task2\Task2.csproj", "{B885EBD7-B8A7-4807-9DE2-92A2575EC94A}"
EndProject
Global
	GlobalSection(SolutionConfigurationPlatforms) = preSolution
		Debug|Any CPU = Debug|Any CPU
		Release|Any CPU = Release|Any CPU
	EndGlobalSection
	GlobalSection(ProjectConfigurationPlatforms) = postSolution
		{E0F02F92-F413-4F7E-9B8A-303D8E326B4B}.Debug|Any CPU.ActiveCfg = Debug|Any CPU
		{E0F02F92-F413-4F7E-9B8A-303D8E326B4B}.Debug|Any CPU.Build.0 = Debug|Any CPU
		{E0F02F92-F413-4F7E-9B8A-303D8E326B4B}.Release|Any CPU.ActiveCfg = Release|Any CPU
		{E0F02F92-F413-4F7E-9B8A-303D8E326B4B}.Release|Any CPU.Build.0 = Release|Any CPU
		{B885EBD7-B8A7-4807-9DE2-92A2575EC94A}.Debug|Any CPU.ActiveCfg = Debug|Any CPU
		{B885EBD7-B8A7-4807-9DE2-92A2575EC94A}.Debug|Any CPU.Build.0 = Debug|Any CPU
		{B885EBD7-B8A7-4807-9DE2-92A2575EC94A}.Release|Any CPU.ActiveCfg = Release|Any CPU
		{B885EBD7-B8A7-4807-9DE2-92A2575EC94A}.Release|Any CPU.Build.0 = Release|Any CPU
	EndGlobalSection
	GlobalSection(SolutionProperties) = preSolution
		HideSolutionNode = FALSE
	EndGlobalSection
	GlobalSection(ExtensibilityGlobals) = postSolution
		SolutionGuid = {0752CD5F-15F8-4B5D-81AD-619FB17E2040}
	EndGlobalSection
EndGlobal
